// !$*UTF8*$!
{
	archiveVersion = 1;
	classes = {
	};
	objectVersion = 46;
	objects = {

/* Begin PBXBuildFile section */
		6702D5EE1DA69CE90025D659 /* Pickerview.m in Sources */ = {isa = PBXBuildFile; fileRef = 6702D5ED1DA69CE90025D659 /* Pickerview.m */; };
		671513811DAA91C000FC0E26 /* User.m in Sources */ = {isa = PBXBuildFile; fileRef = 671513801DAA91C000FC0E26 /* User.m */; };
		67595F511DA95F750023B31D /* SearchInTable.m in Sources */ = {isa = PBXBuildFile; fileRef = 67595F501DA95F750023B31D /* SearchInTable.m */; };
		676DA0621DA69C3B0061B18C /* Gym.m in Sources */ = {isa = PBXBuildFile; fileRef = 676DA0611DA69C3B0061B18C /* Gym.m */; };
		6790831C1DAECF1D006DA5E7 /* LogInView.m in Sources */ = {isa = PBXBuildFile; fileRef = 6790831B1DAECF1D006DA5E7 /* LogInView.m */; };
		6790831F1DAFBB8D006DA5E7 /* MapView.m in Sources */ = {isa = PBXBuildFile; fileRef = 6790831E1DAFBB8D006DA5E7 /* MapView.m */; };
		679083211DAFBBFC006DA5E7 /* MapKit.framework in Frameworks */ = {isa = PBXBuildFile; fileRef = 679083201DAFBBFC006DA5E7 /* MapKit.framework */; };
		67A1B69F1DA57B9F002DFB08 /* main.m in Sources */ = {isa = PBXBuildFile; fileRef = 67A1B69E1DA57B9F002DFB08 /* main.m */; };
		67A1B6A21DA57B9F002DFB08 /* AppDelegate.m in Sources */ = {isa = PBXBuildFile; fileRef = 67A1B6A11DA57B9F002DFB08 /* AppDelegate.m */; };
		67A1B6A51DA57B9F002DFB08 /* ViewController.m in Sources */ = {isa = PBXBuildFile; fileRef = 67A1B6A41DA57B9F002DFB08 /* ViewController.m */; };
		67A1B6A81DA57B9F002DFB08 /* Main.storyboard in Resources */ = {isa = PBXBuildFile; fileRef = 67A1B6A61DA57B9F002DFB08 /* Main.storyboard */; };
		67A1B6AA1DA57B9F002DFB08 /* Images.xcassets in Resources */ = {isa = PBXBuildFile; fileRef = 67A1B6A91DA57B9F002DFB08 /* Images.xcassets */; };
		67A1B6AD1DA57B9F002DFB08 /* LaunchScreen.xib in Resources */ = {isa = PBXBuildFile; fileRef = 67A1B6AB1DA57B9F002DFB08 /* LaunchScreen.xib */; };
		67A1B6B91DA57B9F002DFB08 /* FinalAppTests.m in Sources */ = {isa = PBXBuildFile; fileRef = 67A1B6B81DA57B9F002DFB08 /* FinalAppTests.m */; };
		67A1B6C71DA58611002DFB08 /* RegistrationView.m in Sources */ = {isa = PBXBuildFile; fileRef = 67A1B6C61DA58611002DFB08 /* RegistrationView.m */; };
		67F541801DAD01B100DF0ACE /* GlobalVars.m in Sources */ = {isa = PBXBuildFile; fileRef = 67F5417F1DAD01B100DF0ACE /* GlobalVars.m */; };
/* End PBXBuildFile section */

/* Begin PBXContainerItemProxy section */
		67A1B6B31DA57B9F002DFB08 /* PBXContainerItemProxy */ = {
			isa = PBXContainerItemProxy;
			containerPortal = 67A1B6911DA57B9F002DFB08 /* Project object */;
			proxyType = 1;
			remoteGlobalIDString = 67A1B6981DA57B9F002DFB08;
			remoteInfo = FinalApp;
		};
/* End PBXContainerItemProxy section */

/* Begin PBXFileReference section */
		6702D5EC1DA69CE90025D659 /* Pickerview.h */ = {isa = PBXFileReference; fileEncoding = 4; lastKnownFileType = sourcecode.c.h; path = Pickerview.h; sourceTree = "<group>"; };
		6702D5ED1DA69CE90025D659 /* Pickerview.m */ = {isa = PBXFileReference; fileEncoding = 4; lastKnownFileType = sourcecode.c.objc; path = Pickerview.m; sourceTree = "<group>"; };
		6715137F1DAA91C000FC0E26 /* User.h */ = {isa = PBXFileReference; fileEncoding = 4; lastKnownFileType = sourcecode.c.h; path = User.h; sourceTree = "<group>"; };
		671513801DAA91C000FC0E26 /* User.m */ = {isa = PBXFileReference; fileEncoding = 4; lastKnownFileType = sourcecode.c.objc; path = User.m; sourceTree = "<group>"; };
		67595F4F1DA95F750023B31D /* SearchInTable.h */ = {isa = PBXFileReference; fileEncoding = 4; lastKnownFileType = sourcecode.c.h; path = SearchInTable.h; sourceTree = "<group>"; };
		67595F501DA95F750023B31D /* SearchInTable.m */ = {isa = PBXFileReference; fileEncoding = 4; lastKnownFileType = sourcecode.c.objc; path = SearchInTable.m; sourceTree = "<group>"; };
		676DA0601DA69C320061B18C /* Gym.h */ = {isa = PBXFileReference; lastKnownFileType = sourcecode.c.h; path = Gym.h; sourceTree = "<group>"; };
		676DA0611DA69C3B0061B18C /* Gym.m */ = {isa = PBXFileReference; fileEncoding = 4; lastKnownFileType = sourcecode.c.objc; path = Gym.m; sourceTree = "<group>"; };
		6790831A1DAECF1D006DA5E7 /* LogInView.h */ = {isa = PBXFileReference; fileEncoding = 4; lastKnownFileType = sourcecode.c.h; path = LogInView.h; sourceTree = "<group>"; };
		6790831B1DAECF1D006DA5E7 /* LogInView.m */ = {isa = PBXFileReference; fileEncoding = 4; lastKnownFileType = sourcecode.c.objc; path = LogInView.m; sourceTree = "<group>"; };
		6790831D1DAFBB8D006DA5E7 /* MapView.h */ = {isa = PBXFileReference; fileEncoding = 4; lastKnownFileType = sourcecode.c.h; path = MapView.h; sourceTree = "<group>"; };
		6790831E1DAFBB8D006DA5E7 /* MapView.m */ = {isa = PBXFileReference; fileEncoding = 4; lastKnownFileType = sourcecode.c.objc; path = MapView.m; sourceTree = "<group>"; };
		679083201DAFBBFC006DA5E7 /* MapKit.framework */ = {isa = PBXFileReference; lastKnownFileType = wrapper.framework; name = MapKit.framework; path = System/Library/Frameworks/MapKit.framework; sourceTree = SDKROOT; };
		67A1B6991DA57B9F002DFB08 /* FinalApp.app */ = {isa = PBXFileReference; explicitFileType = wrapper.application; includeInIndex = 0; path = FinalApp.app; sourceTree = BUILT_PRODUCTS_DIR; };
		67A1B69D1DA57B9F002DFB08 /* Info.plist */ = {isa = PBXFileReference; lastKnownFileType = text.plist.xml; path = Info.plist; sourceTree = "<group>"; };
		67A1B69E1DA57B9F002DFB08 /* main.m */ = {isa = PBXFileReference; lastKnownFileType = sourcecode.c.objc; path = main.m; sourceTree = "<group>"; };
		67A1B6A01DA57B9F002DFB08 /* AppDelegate.h */ = {isa = PBXFileReference; lastKnownFileType = sourcecode.c.h; path = AppDelegate.h; sourceTree = "<group>"; };
		67A1B6A11DA57B9F002DFB08 /* AppDelegate.m */ = {isa = PBXFileReference; lastKnownFileType = sourcecode.c.objc; path = AppDelegate.m; sourceTree = "<group>"; };
		67A1B6A31DA57B9F002DFB08 /* ViewController.h */ = {isa = PBXFileReference; lastKnownFileType = sourcecode.c.h; path = ViewController.h; sourceTree = "<group>"; };
		67A1B6A41DA57B9F002DFB08 /* ViewController.m */ = {isa = PBXFileReference; lastKnownFileType = sourcecode.c.objc; path = ViewController.m; sourceTree = "<group>"; };
		67A1B6A71DA57B9F002DFB08 /* Base */ = {isa = PBXFileReference; lastKnownFileType = file.storyboard; name = Base; path = Base.lproj/Main.storyboard; sourceTree = "<group>"; };
		67A1B6A91DA57B9F002DFB08 /* Images.xcassets */ = {isa = PBXFileReference; lastKnownFileType = folder.assetcatalog; path = Images.xcassets; sourceTree = "<group>"; };
		67A1B6AC1DA57B9F002DFB08 /* Base */ = {isa = PBXFileReference; lastKnownFileType = file.xib; name = Base; path = Base.lproj/LaunchScreen.xib; sourceTree = "<group>"; };
		67A1B6B21DA57B9F002DFB08 /* FinalAppTests.xctest */ = {isa = PBXFileReference; explicitFileType = wrapper.cfbundle; includeInIndex = 0; path = FinalAppTests.xctest; sourceTree = BUILT_PRODUCTS_DIR; };
		67A1B6B71DA57B9F002DFB08 /* Info.plist */ = {isa = PBXFileReference; lastKnownFileType = text.plist.xml; path = Info.plist; sourceTree = "<group>"; };
		67A1B6B81DA57B9F002DFB08 /* FinalAppTests.m */ = {isa = PBXFileReference; lastKnownFileType = sourcecode.c.objc; path = FinalAppTests.m; sourceTree = "<group>"; };
		67A1B6C51DA58611002DFB08 /* RegistrationView.h */ = {isa = PBXFileReference; fileEncoding = 4; lastKnownFileType = sourcecode.c.h; path = RegistrationView.h; sourceTree = "<group>"; };
		67A1B6C61DA58611002DFB08 /* RegistrationView.m */ = {isa = PBXFileReference; fileEncoding = 4; lastKnownFileType = sourcecode.c.objc; path = RegistrationView.m; sourceTree = "<group>"; };
		67F5417E1DAD01B100DF0ACE /* GlobalVars.h */ = {isa = PBXFileReference; fileEncoding = 4; lastKnownFileType = sourcecode.c.h; path = GlobalVars.h; sourceTree = "<group>"; };
		67F5417F1DAD01B100DF0ACE /* GlobalVars.m */ = {isa = PBXFileReference; fileEncoding = 4; lastKnownFileType = sourcecode.c.objc; path = GlobalVars.m; sourceTree = "<group>"; };
/* End PBXFileReference section */

/* Begin PBXFrameworksBuildPhase section */
		67A1B6961DA57B9F002DFB08 /* Frameworks */ = {
			isa = PBXFrameworksBuildPhase;
			buildActionMask = 2147483647;
			files = (
				679083211DAFBBFC006DA5E7 /* MapKit.framework in Frameworks */,
			);
			runOnlyForDeploymentPostprocessing = 0;
		};
		67A1B6AF1DA57B9F002DFB08 /* Frameworks */ = {
			isa = PBXFrameworksBuildPhase;
			buildActionMask = 2147483647;
			files = (
			);
			runOnlyForDeploymentPostprocessing = 0;
		};
/* End PBXFrameworksBuildPhase section */

/* Begin PBXGroup section */
		67A1B6901DA57B9F002DFB08 = {
			isa = PBXGroup;
			children = (
				679083201DAFBBFC006DA5E7 /* MapKit.framework */,
				67A1B69B1DA57B9F002DFB08 /* FinalApp */,
				67A1B6B51DA57B9F002DFB08 /* FinalAppTests */,
				67A1B69A1DA57B9F002DFB08 /* Products */,
			);
			sourceTree = "<group>";
		};
		67A1B69A1DA57B9F002DFB08 /* Products */ = {
			isa = PBXGroup;
			children = (
				67A1B6991DA57B9F002DFB08 /* FinalApp.app */,
				67A1B6B21DA57B9F002DFB08 /* FinalAppTests.xctest */,
			);
			name = Products;
			sourceTree = "<group>";
		};
		67A1B69B1DA57B9F002DFB08 /* FinalApp */ = {
			isa = PBXGroup;
			children = (
				6790831D1DAFBB8D006DA5E7 /* MapView.h */,
				6790831E1DAFBB8D006DA5E7 /* MapView.m */,
				6790831A1DAECF1D006DA5E7 /* LogInView.h */,
				6790831B1DAECF1D006DA5E7 /* LogInView.m */,
				67F5417E1DAD01B100DF0ACE /* GlobalVars.h */,
				67F5417F1DAD01B100DF0ACE /* GlobalVars.m */,
				67595F4F1DA95F750023B31D /* SearchInTable.h */,
				67595F501DA95F750023B31D /* SearchInTable.m */,
				6702D5EC1DA69CE90025D659 /* Pickerview.h */,
				6702D5ED1DA69CE90025D659 /* Pickerview.m */,
				67A1B6C51DA58611002DFB08 /* RegistrationView.h */,
				67A1B6C61DA58611002DFB08 /* RegistrationView.m */,
				67A1B6A01DA57B9F002DFB08 /* AppDelegate.h */,
				6715137F1DAA91C000FC0E26 /* User.h */,
				671513801DAA91C000FC0E26 /* User.m */,
				676DA0601DA69C320061B18C /* Gym.h */,
				676DA0611DA69C3B0061B18C /* Gym.m */,
				67A1B6A11DA57B9F002DFB08 /* AppDelegate.m */,
				67A1B6A31DA57B9F002DFB08 /* ViewController.h */,
				67A1B6A41DA57B9F002DFB08 /* ViewController.m */,
				67A1B6A61DA57B9F002DFB08 /* Main.storyboard */,
				67A1B6A91DA57B9F002DFB08 /* Images.xcassets */,
				67A1B6AB1DA57B9F002DFB08 /* LaunchScreen.xib */,
				67A1B69C1DA57B9F002DFB08 /* Supporting Files */,
			);
			path = FinalApp;
			sourceTree = "<group>";
		};
		67A1B69C1DA57B9F002DFB08 /* Supporting Files */ = {
			isa = PBXGroup;
			children = (
				67A1B69D1DA57B9F002DFB08 /* Info.plist */,
				67A1B69E1DA57B9F002DFB08 /* main.m */,
			);
			name = "Supporting Files";
			sourceTree = "<group>";
		};
		67A1B6B51DA57B9F002DFB08 /* FinalAppTests */ = {
			isa = PBXGroup;
			children = (
				67A1B6B81DA57B9F002DFB08 /* FinalAppTests.m */,
				67A1B6B61DA57B9F002DFB08 /* Supporting Files */,
			);
			path = FinalAppTests;
			sourceTree = "<group>";
		};
		67A1B6B61DA57B9F002DFB08 /* Supporting Files */ = {
			isa = PBXGroup;
			children = (
				67A1B6B71DA57B9F002DFB08 /* Info.plist */,
			);
			name = "Supporting Files";
			sourceTree = "<group>";
		};
/* End PBXGroup section */

/* Begin PBXNativeTarget section */
		67A1B6981DA57B9F002DFB08 /* FinalApp */ = {
			isa = PBXNativeTarget;
			buildConfigurationList = 67A1B6BC1DA57B9F002DFB08 /* Build configuration list for PBXNativeTarget "FinalApp" */;
			buildPhases = (
				67A1B6951DA57B9F002DFB08 /* Sources */,
				67A1B6961DA57B9F002DFB08 /* Frameworks */,
				67A1B6971DA57B9F002DFB08 /* Resources */,
			);
			buildRules = (
			);
			dependencies = (
			);
			name = FinalApp;
			productName = FinalApp;
			productReference = 67A1B6991DA57B9F002DFB08 /* FinalApp.app */;
			productType = "com.apple.product-type.application";
		};
		67A1B6B11DA57B9F002DFB08 /* FinalAppTests */ = {
			isa = PBXNativeTarget;
			buildConfigurationList = 67A1B6BF1DA57B9F002DFB08 /* Build configuration list for PBXNativeTarget "FinalAppTests" */;
			buildPhases = (
				67A1B6AE1DA57B9F002DFB08 /* Sources */,
				67A1B6AF1DA57B9F002DFB08 /* Frameworks */,
				67A1B6B01DA57B9F002DFB08 /* Resources */,
			);
			buildRules = (
			);
			dependencies = (
				67A1B6B41DA57B9F002DFB08 /* PBXTargetDependency */,
			);
			name = FinalAppTests;
			productName = FinalAppTests;
			productReference = 67A1B6B21DA57B9F002DFB08 /* FinalAppTests.xctest */;
			productType = "com.apple.product-type.bundle.unit-test";
		};
/* End PBXNativeTarget section */

/* Begin PBXProject section */
		67A1B6911DA57B9F002DFB08 /* Project object */ = {
			isa = PBXProject;
			attributes = {
				LastUpgradeCheck = 0630;
				ORGANIZATIONNAME = "Imre Gergely László";
				TargetAttributes = {
					67A1B6981DA57B9F002DFB08 = {
						CreatedOnToolsVersion = 6.3.2;
					};
					67A1B6B11DA57B9F002DFB08 = {
						CreatedOnToolsVersion = 6.3.2;
						TestTargetID = 67A1B6981DA57B9F002DFB08;
					};
				};
			};
			buildConfigurationList = 67A1B6941DA57B9F002DFB08 /* Build configuration list for PBXProject "FinalApp" */;
			compatibilityVersion = "Xcode 3.2";
			developmentRegion = English;
			hasScannedForEncodings = 0;
			knownRegions = (
				en,
				Base,
			);
			mainGroup = 67A1B6901DA57B9F002DFB08;
			productRefGroup = 67A1B69A1DA57B9F002DFB08 /* Products */;
			projectDirPath = "";
			projectRoot = "";
			targets = (
				67A1B6981DA57B9F002DFB08 /* FinalApp */,
				67A1B6B11DA57B9F002DFB08 /* FinalAppTests */,
			);
		};
/* End PBXProject section */

/* Begin PBXResourcesBuildPhase section */
		67A1B6971DA57B9F002DFB08 /* Resources */ = {
			isa = PBXResourcesBuildPhase;
			buildActionMask = 2147483647;
			files = (
				67A1B6A81DA57B9F002DFB08 /* Main.storyboard in Resources */,
				67A1B6AD1DA57B9F002DFB08 /* LaunchScreen.xib in Resources */,
				67A1B6AA1DA57B9F002DFB08 /* Images.xcassets in Resources */,
			);
			runOnlyForDeploymentPostprocessing = 0;
		};
		67A1B6B01DA57B9F002DFB08 /* Resources */ = {
			isa = PBXResourcesBuildPhase;
			buildActionMask = 2147483647;
			files = (
			);
			runOnlyForDeploymentPostprocessing = 0;
		};
/* End PBXResourcesBuildPhase section */

/* Begin PBXSourcesBuildPhase section */
		67A1B6951DA57B9F002DFB08 /* Sources */ = {
			isa = PBXSourcesBuildPhase;
			buildActionMask = 2147483647;
			files = (
				67595F511DA95F750023B31D /* SearchInTable.m in Sources */,
				67A1B6A51DA57B9F002DFB08 /* ViewController.m in Sources */,
				6790831C1DAECF1D006DA5E7 /* LogInView.m in Sources */,
				671513811DAA91C000FC0E26 /* User.m in Sources */,
				6702D5EE1DA69CE90025D659 /* Pickerview.m in Sources */,
				67A1B6A21DA57B9F002DFB08 /* AppDelegate.m in Sources */,
				67A1B69F1DA57B9F002DFB08 /* main.m in Sources */,
				676DA0621DA69C3B0061B18C /* Gym.m in Sources */,
				67F541801DAD01B100DF0ACE /* GlobalVars.m in Sources */,
				67A1B6C71DA58611002DFB08 /* RegistrationView.m in Sources */,
				6790831F1DAFBB8D006DA5E7 /* MapView.m in Sources */,
			);
			runOnlyForDeploymentPostprocessing = 0;
		};
		67A1B6AE1DA57B9F002DFB08 /* Sources */ = {
			isa = PBXSourcesBuildPhase;
			buildActionMask = 2147483647;
			files = (
				67A1B6B91DA57B9F002DFB08 /* FinalAppTests.m in Sources */,
			);
			runOnlyForDeploymentPostprocessing = 0;
		};
/* End PBXSourcesBuildPhase section */

/* Begin PBXTargetDependency section */
		67A1B6B41DA57B9F002DFB08 /* PBXTargetDependency */ = {
			isa = PBXTargetDependency;
			target = 67A1B6981DA57B9F002DFB08 /* FinalApp */;
			targetProxy = 67A1B6B31DA57B9F002DFB08 /* PBXContainerItemProxy */;
		};
/* End PBXTargetDependency section */

/* Begin PBXVariantGroup section */
		67A1B6A61DA57B9F002DFB08 /* Main.storyboard */ = {
			isa = PBXVariantGroup;
			children = (
				67A1B6A71DA57B9F002DFB08 /* Base */,
			);
			name = Main.storyboard;
			sourceTree = "<group>";
		};
		67A1B6AB1DA57B9F002DFB08 /* LaunchScreen.xib */ = {
			isa = PBXVariantGroup;
			children = (
				67A1B6AC1DA57B9F002DFB08 /* Base */,
			);
			name = LaunchScreen.xib;
			sourceTree = "<group>";
		};
/* End PBXVariantGroup section */

/* Begin XCBuildConfiguration section */
		67A1B6BA1DA57B9F002DFB08 /* Debug */ = {
			isa = XCBuildConfiguration;
			buildSettings = {
				ALWAYS_SEARCH_USER_PATHS = NO;
				CLANG_CXX_LANGUAGE_STANDARD = "gnu++0x";
				CLANG_CXX_LIBRARY = "libc++";
				CLANG_ENABLE_MODULES = YES;
				CLANG_ENABLE_OBJC_ARC = YES;
				CLANG_WARN_BOOL_CONVERSION = YES;
				CLANG_WARN_CONSTANT_CONVERSION = YES;
				CLANG_WARN_DIRECT_OBJC_ISA_USAGE = YES_ERROR;
				CLANG_WARN_EMPTY_BODY = YES;
				CLANG_WARN_ENUM_CONVERSION = YES;
				CLANG_WARN_INT_CONVERSION = YES;
				CLANG_WARN_OBJC_ROOT_CLASS = YES_ERROR;
				CLANG_WARN_UNREACHABLE_CODE = YES;
				CLANG_WARN__DUPLICATE_METHOD_MATCH = YES;
				"CODE_SIGN_IDENTITY[sdk=iphoneos*]" = "iPhone Developer";
				COPY_PHASE_STRIP = NO;
				DEBUG_INFORMATION_FORMAT = "dwarf-with-dsym";
				ENABLE_STRICT_OBJC_MSGSEND = YES;
				GCC_C_LANGUAGE_STANDARD = gnu99;
				GCC_DYNAMIC_NO_PIC = NO;
				GCC_NO_COMMON_BLOCKS = YES;
				GCC_OPTIMIZATION_LEVEL = 0;
				GCC_PREPROCESSOR_DEFINITIONS = (
					"DEBUG=1",
					"$(inherited)",
				);
				GCC_SYMBOLS_PRIVATE_EXTERN = NO;
				GCC_WARN_64_TO_32_BIT_CONVERSION = YES;
				GCC_WARN_ABOUT_RETURN_TYPE = YES_ERROR;
				GCC_WARN_UNDECLARED_SELECTOR = YES;
				GCC_WARN_UNINITIALIZED_AUTOS = YES_AGGRESSIVE;
				GCC_WARN_UNUSED_FUNCTION = YES;
				GCC_WARN_UNUSED_VARIABLE = YES;
				IPHONEOS_DEPLOYMENT_TARGET = 8.3;
				MTL_ENABLE_DEBUG_INFO = YES;
				ONLY_ACTIVE_ARCH = YES;
				SDKROOT = iphoneos;
			};
			name = Debug;
		};
		67A1B6BB1DA57B9F002DFB08 /* Release */ = {
			isa = XCBuildConfiguration;
			buildSettings = {
				ALWAYS_SEARCH_USER_PATHS = NO;
				CLANG_CXX_LANGUAGE_STANDARD = "gnu++0x";
				CLANG_CXX_LIBRARY = "libc++";
				CLANG_ENABLE_MODULES = YES;
				CLANG_ENABLE_OBJC_ARC = YES;
				CLANG_WARN_BOOL_CONVERSION = YES;
				CLANG_WARN_CONSTANT_CONVERSION = YES;
				CLANG_WARN_DIRECT_OBJC_ISA_USAGE = YES_ERROR;
				CLANG_WARN_EMPTY_BODY = YES;
				CLANG_WARN_ENUM_CONVERSION = YES;
				CLANG_WARN_INT_CONVERSION = YES;
				CLANG_WARN_OBJC_ROOT_CLASS = YES_ERROR;
				CLANG_WARN_UNREACHABLE_CODE = YES;
				CLANG_WARN__DUPLICATE_METHOD_MATCH = YES;
				"CODE_SIGN_IDENTITY[sdk=iphoneos*]" = "iPhone Developer";
				COPY_PHASE_STRIP = NO;
				DEBUG_INFORMATION_FORMAT = "dwarf-with-dsym";
				ENABLE_NS_ASSERTIONS = NO;
				ENABLE_STRICT_OBJC_MSGSEND = YES;
				GCC_C_LANGUAGE_STANDARD = gnu99;
				GCC_NO_COMMON_BLOCKS = YES;
				GCC_WARN_64_TO_32_BIT_CONVERSION = YES;
				GCC_WARN_ABOUT_RETURN_TYPE = YES_ERROR;
				GCC_WARN_UNDECLARED_SELECTOR = YES;
				GCC_WARN_UNINITIALIZED_AUTOS = YES_AGGRESSIVE;
				GCC_WARN_UNUSED_FUNCTION = YES;
				GCC_WARN_UNUSED_VARIABLE = YES;
				IPHONEOS_DEPLOYMENT_TARGET = 8.3;
				MTL_ENABLE_DEBUG_INFO = NO;
				SDKROOT = iphoneos;
				VALIDATE_PRODUCT = YES;
			};
			name = Release;
		};
		67A1B6BD1DA57B9F002DFB08 /* Debug */ = {
			isa = XCBuildConfiguration;
			buildSettings = {
				ASSETCATALOG_COMPILER_APPICON_NAME = AppIcon;
				INFOPLIST_FILE = FinalApp/Info.plist;
				LD_RUNPATH_SEARCH_PATHS = "$(inherited) @executable_path/Frameworks";
				PRODUCT_NAME = "$(TARGET_NAME)";
			};
			name = Debug;
		};
		67A1B6BE1DA57B9F002DFB08 /* Release */ = {
			isa = XCBuildConfiguration;
			buildSettings = {
				ASSETCATALOG_COMPILER_APPICON_NAME = AppIcon;
				INFOPLIST_FILE = FinalApp/Info.plist;
				LD_RUNPATH_SEARCH_PATHS = "$(inherited) @executable_path/Frameworks";
				PRODUCT_NAME = "$(TARGET_NAME)";
			};
			name = Release;
		};
		67A1B6C01DA57B9F002DFB08 /* Debug */ = {
			isa = XCBuildConfiguration;
			buildSettings = {
				FRAMEWORK_SEARCH_PATHS = (
					"$(SDKROOT)/Developer/Library/Frameworks",
					"$(inherited)",
				);
				GCC_PREPROCESSOR_DEFINITIONS = (
					"DEBUG=1",
					"$(inherited)",
				);
				INFOPLIST_FILE = FinalAppTests/Info.plist;
				LD_RUNPATH_SEARCH_PATHS = "$(inherited) @executable_path/Frameworks @loader_path/Frameworks";
				PRODUCT_NAME = "$(TARGET_NAME)";
				TEST_HOST = "$(BUILT_PRODUCTS_DIR)/FinalApp.app/FinalApp";
			};
			name = Debug;
		};
		67A1B6C11DA57B9F002DFB08 /* Release */ = {
			isa = XCBuildConfiguration;
			buildSettings = {
				FRAMEWORK_SEARCH_PATHS = (
					"$(SDKROOT)/Developer/Library/Frameworks",
					"$(inherited)",
				);
				INFOPLIST_FILE = FinalAppTests/Info.plist;
				LD_RUNPATH_SEARCH_PATHS = "$(inherited) @executable_path/Frameworks @loader_path/Frameworks";
				PRODUCT_NAME = "$(TARGET_NAME)";
				TEST_HOST = "$(BUILT_PRODUCTS_DIR)/FinalApp.app/FinalApp";
			};
			name = Release;
		};
/* End XCBuildConfiguration section */

/* Begin XCConfigurationList section */
		67A1B6941DA57B9F002DFB08 /* Build configuration list for PBXProject "FinalApp" */ = {
			isa = XCConfigurationList;
			buildConfigurations = (
				67A1B6BA1DA57B9F002DFB08 /* Debug */,
				67A1B6BB1DA57B9F002DFB08 /* Release */,
			);
			defaultConfigurationIsVisible = 0;
			defaultConfigurationName = Release;
		};
		67A1B6BC1DA57B9F002DFB08 /* Build configuration list for PBXNativeTarget "FinalApp" */ = {
			isa = XCConfigurationList;
			buildConfigurations = (
				67A1B6BD1DA57B9F002DFB08 /* Debug */,
				67A1B6BE1DA57B9F002DFB08 /* Release */,
			);
			defaultConfigurationIsVisible = 0;
			defaultConfigurationName = Release;
		};
		67A1B6BF1DA57B9F002DFB08 /* Build configuration list for PBXNativeTarget "FinalAppTests" */ = {
			isa = XCConfigurationList;
			buildConfigurations = (
				67A1B6C01DA57B9F002DFB08 /* Debug */,
				67A1B6C11DA57B9F002DFB08 /* Release */,
			);
			defaultConfigurationIsVisible = 0;
			defaultConfigurationName = Release;
		};
/* End XCConfigurationList section */
	};
	rootObject = 67A1B6911DA57B9F002DFB08 /* Project object */;
}
